// !$*UTF8*$!
{
	archiveVersion = 1;
	classes = {
	};
	objectVersion = 50;
	objects = {

/* Begin PBXBuildFile section */
		C41A50CA20EC669A00B458E1 /* LunarUtil.swift in Sources */ = {isa = PBXBuildFile; fileRef = C41A50C920EC669A00B458E1 /* LunarUtil.swift */; };
		C41A50CC20EC6D8800B458E1 /* EventKitUtil.swift in Sources */ = {isa = PBXBuildFile; fileRef = C41A50CB20EC6D8800B458E1 /* EventKitUtil.swift */; };
		C41A50CE20EC824000B458E1 /* MonthViewController.swift in Sources */ = {isa = PBXBuildFile; fileRef = C41A50CD20EC824000B458E1 /* MonthViewController.swift */; };
		C422916320DB488C0070F261 /* MainTabBarViewController.swift in Sources */ = {isa = PBXBuildFile; fileRef = C422916220DB488C0070F261 /* MainTabBarViewController.swift */; };
		C42B5DBF20DC09B500BEA3D6 /* AgendaViewController.swift in Sources */ = {isa = PBXBuildFile; fileRef = C42B5DBE20DC09B500BEA3D6 /* AgendaViewController.swift */; };
		C4360BA720ECBB42006D2B12 /* GLConfig.swift in Sources */ = {isa = PBXBuildFile; fileRef = C4360BA620ECBB42006D2B12 /* GLConfig.swift */; };
		C4360BBE20ECF162006D2B12 /* GLTaskListCell.swift in Sources */ = {isa = PBXBuildFile; fileRef = C4360BB920ECF161006D2B12 /* GLTaskListCell.swift */; };
		C4360BBF20ECF162006D2B12 /* GLCalenderMonthCell.swift in Sources */ = {isa = PBXBuildFile; fileRef = C4360BBA20ECF161006D2B12 /* GLCalenderMonthCell.swift */; };
		C4360BC020ECF162006D2B12 /* GLCalenderDayCell.swift in Sources */ = {isa = PBXBuildFile; fileRef = C4360BBB20ECF162006D2B12 /* GLCalenderDayCell.swift */; };
		C4360BC120ECF162006D2B12 /* TaskModel.swift in Sources */ = {isa = PBXBuildFile; fileRef = C4360BBC20ECF162006D2B12 /* TaskModel.swift */; };
		C4360BC220ECF162006D2B12 /* GLExpandCalender.swift in Sources */ = {isa = PBXBuildFile; fileRef = C4360BBD20ECF162006D2B12 /* GLExpandCalender.swift */; };
		C43FAAA420E4BC9600F9F954 /* Kingfisher.framework in Frameworks */ = {isa = PBXBuildFile; fileRef = C43FAAA320E4BC9500F9F954 /* Kingfisher.framework */; };
		C44BCBE320E1DC1A0036AAE5 /* DateHelper.framework in Frameworks */ = {isa = PBXBuildFile; fileRef = C4F1418E20E0E2170044B393 /* DateHelper.framework */; };
		C44BCBE420E1DC1A0036AAE5 /* Eureka.framework in Frameworks */ = {isa = PBXBuildFile; fileRef = C48640F520DB8B090055AA1A /* Eureka.framework */; };
		C44BCBE520E1DC1A0036AAE5 /* SnapKit.framework in Frameworks */ = {isa = PBXBuildFile; fileRef = C48640FD20DBAF480055AA1A /* SnapKit.framework */; };
		C44BCBEB20E214B70036AAE5 /* GLAgendaTableViewCell.swift in Sources */ = {isa = PBXBuildFile; fileRef = C44BCBEA20E214B70036AAE5 /* GLAgendaTableViewCell.swift */; };
		C44BCBEE20E21C8A0036AAE5 /* Alamofire.framework in Frameworks */ = {isa = PBXBuildFile; fileRef = C44BCBEC20E21C8A0036AAE5 /* Alamofire.framework */; };
		C44BCBF120E220CD0036AAE5 /* GLAgendaTableViewCell.xib in Resources */ = {isa = PBXBuildFile; fileRef = C44BCBF020E220CD0036AAE5 /* GLAgendaTableViewCell.xib */; };
		C44BCBF320E228490036AAE5 /* AgendaTableViewController.swift in Sources */ = {isa = PBXBuildFile; fileRef = C44BCBF220E228490036AAE5 /* AgendaTableViewController.swift */; };
		C44BCBF620E22F3F0036AAE5 /* GLResp.swift in Sources */ = {isa = PBXBuildFile; fileRef = C44BCBF520E22F3F0036AAE5 /* GLResp.swift */; };
		C44BCBF920E232290036AAE5 /* AlamofireObjectMapper.framework in Frameworks */ = {isa = PBXBuildFile; fileRef = C44BCBF720E232290036AAE5 /* AlamofireObjectMapper.framework */; };
		C44BCBFA20E232290036AAE5 /* ObjectMapper.framework in Frameworks */ = {isa = PBXBuildFile; fileRef = C44BCBF820E232290036AAE5 /* ObjectMapper.framework */; };
		C44BCC0120E24CED0036AAE5 /* GLHttpUtil.swift in Sources */ = {isa = PBXBuildFile; fileRef = C44BCC0020E24CED0036AAE5 /* GLHttpUtil.swift */; };
		C460061720E29C5500B09186 /* GLAgendaTableSectionHeader.swift in Sources */ = {isa = PBXBuildFile; fileRef = C460061620E29C5500B09186 /* GLAgendaTableSectionHeader.swift */; };
		C478ED7020DA5382007A4A3F /* AppDelegate.swift in Sources */ = {isa = PBXBuildFile; fileRef = C478ED6F20DA5382007A4A3F /* AppDelegate.swift */; };
		C478ED7220DA5382007A4A3F /* FirstViewController.swift in Sources */ = {isa = PBXBuildFile; fileRef = C478ED7120DA5382007A4A3F /* FirstViewController.swift */; };
		C478ED7420DA5382007A4A3F /* SecondViewController.swift in Sources */ = {isa = PBXBuildFile; fileRef = C478ED7320DA5382007A4A3F /* SecondViewController.swift */; };
		C478ED7720DA5382007A4A3F /* Main.storyboard in Resources */ = {isa = PBXBuildFile; fileRef = C478ED7520DA5382007A4A3F /* Main.storyboard */; };
		C478ED7920DA5384007A4A3F /* Assets.xcassets in Resources */ = {isa = PBXBuildFile; fileRef = C478ED7820DA5384007A4A3F /* Assets.xcassets */; };
		C478ED7C20DA5384007A4A3F /* LaunchScreen.storyboard in Resources */ = {isa = PBXBuildFile; fileRef = C478ED7A20DA5384007A4A3F /* LaunchScreen.storyboard */; };
		C47D007420E362BE001318B7 /* IBExtension.swift in Sources */ = {isa = PBXBuildFile; fileRef = C47D007320E362BE001318B7 /* IBExtension.swift */; };
		C47D007920E36EE7001318B7 /* GLColorUtil.swift in Sources */ = {isa = PBXBuildFile; fileRef = C47D007820E36EE7001318B7 /* GLColorUtil.swift */; };
		C484FF6320E9D980004890E1 /* Extensions.swift in Sources */ = {isa = PBXBuildFile; fileRef = C484FF6220E9D980004890E1 /* Extensions.swift */; };
		C484FF6620EA1886004890E1 /* GLFormatter.swift in Sources */ = {isa = PBXBuildFile; fileRef = C484FF6520EA1886004890E1 /* GLFormatter.swift */; };
		C4B5282620E29F800088111B /* GLAgendaTableSectionHeader.xib in Resources */ = {isa = PBXBuildFile; fileRef = C4B5282520E29F800088111B /* GLAgendaTableSectionHeader.xib */; };
		C4DD525E20E60D9D00A39CE5 /* AgendaDetailViewController.swift in Sources */ = {isa = PBXBuildFile; fileRef = C4DD525D20E60D9D00A39CE5 /* AgendaDetailViewController.swift */; };
		C4F1418D20E0DAAA0044B393 /* DateUtil.swift in Sources */ = {isa = PBXBuildFile; fileRef = C4F1418C20E0DAAA0044B393 /* DateUtil.swift */; };
/* End PBXBuildFile section */

/* Begin PBXFileReference section */
		C41A50C920EC669A00B458E1 /* LunarUtil.swift */ = {isa = PBXFileReference; lastKnownFileType = sourcecode.swift; path = LunarUtil.swift; sourceTree = "<group>"; };
		C41A50CB20EC6D8800B458E1 /* EventKitUtil.swift */ = {isa = PBXFileReference; lastKnownFileType = sourcecode.swift; path = EventKitUtil.swift; sourceTree = "<group>"; };
		C41A50CD20EC824000B458E1 /* MonthViewController.swift */ = {isa = PBXFileReference; lastKnownFileType = sourcecode.swift; path = MonthViewController.swift; sourceTree = "<group>"; };
		C422916220DB488C0070F261 /* MainTabBarViewController.swift */ = {isa = PBXFileReference; lastKnownFileType = sourcecode.swift; path = MainTabBarViewController.swift; sourceTree = "<group>"; };
		C42B5DBE20DC09B500BEA3D6 /* AgendaViewController.swift */ = {isa = PBXFileReference; lastKnownFileType = sourcecode.swift; path = AgendaViewController.swift; sourceTree = "<group>"; };
		C4360BA620ECBB42006D2B12 /* GLConfig.swift */ = {isa = PBXFileReference; lastKnownFileType = sourcecode.swift; path = GLConfig.swift; sourceTree = "<group>"; };
		C4360BB920ECF161006D2B12 /* GLTaskListCell.swift */ = {isa = PBXFileReference; fileEncoding = 4; lastKnownFileType = sourcecode.swift; path = GLTaskListCell.swift; sourceTree = "<group>"; };
		C4360BBA20ECF161006D2B12 /* GLCalenderMonthCell.swift */ = {isa = PBXFileReference; fileEncoding = 4; lastKnownFileType = sourcecode.swift; path = GLCalenderMonthCell.swift; sourceTree = "<group>"; };
		C4360BBB20ECF162006D2B12 /* GLCalenderDayCell.swift */ = {isa = PBXFileReference; fileEncoding = 4; lastKnownFileType = sourcecode.swift; path = GLCalenderDayCell.swift; sourceTree = "<group>"; };
		C4360BBC20ECF162006D2B12 /* TaskModel.swift */ = {isa = PBXFileReference; fileEncoding = 4; lastKnownFileType = sourcecode.swift; path = TaskModel.swift; sourceTree = "<group>"; };
		C4360BBD20ECF162006D2B12 /* GLExpandCalender.swift */ = {isa = PBXFileReference; fileEncoding = 4; lastKnownFileType = sourcecode.swift; path = GLExpandCalender.swift; sourceTree = "<group>"; };
		C43FAAA320E4BC9500F9F954 /* Kingfisher.framework */ = {isa = PBXFileReference; lastKnownFileType = wrapper.framework; name = Kingfisher.framework; path = Carthage/Build/iOS/Kingfisher.framework; sourceTree = "<group>"; };
		C44BCBEA20E214B70036AAE5 /* GLAgendaTableViewCell.swift */ = {isa = PBXFileReference; lastKnownFileType = sourcecode.swift; path = GLAgendaTableViewCell.swift; sourceTree = "<group>"; };
		C44BCBEC20E21C8A0036AAE5 /* Alamofire.framework */ = {isa = PBXFileReference; lastKnownFileType = wrapper.framework; name = Alamofire.framework; path = Carthage/Build/iOS/Alamofire.framework; sourceTree = "<group>"; };
		C44BCBF020E220CD0036AAE5 /* GLAgendaTableViewCell.xib */ = {isa = PBXFileReference; lastKnownFileType = file.xib; path = GLAgendaTableViewCell.xib; sourceTree = "<group>"; };
		C44BCBF220E228490036AAE5 /* AgendaTableViewController.swift */ = {isa = PBXFileReference; lastKnownFileType = sourcecode.swift; path = AgendaTableViewController.swift; sourceTree = "<group>"; };
		C44BCBF520E22F3F0036AAE5 /* GLResp.swift */ = {isa = PBXFileReference; lastKnownFileType = sourcecode.swift; path = GLResp.swift; sourceTree = "<group>"; };
		C44BCBF720E232290036AAE5 /* AlamofireObjectMapper.framework */ = {isa = PBXFileReference; lastKnownFileType = wrapper.framework; name = AlamofireObjectMapper.framework; path = Carthage/Build/iOS/AlamofireObjectMapper.framework; sourceTree = "<group>"; };
		C44BCBF820E232290036AAE5 /* ObjectMapper.framework */ = {isa = PBXFileReference; lastKnownFileType = wrapper.framework; name = ObjectMapper.framework; path = Carthage/Build/iOS/ObjectMapper.framework; sourceTree = "<group>"; };
		C44BCC0020E24CED0036AAE5 /* GLHttpUtil.swift */ = {isa = PBXFileReference; lastKnownFileType = sourcecode.swift; path = GLHttpUtil.swift; sourceTree = "<group>"; };
		C460061620E29C5500B09186 /* GLAgendaTableSectionHeader.swift */ = {isa = PBXFileReference; lastKnownFileType = sourcecode.swift; path = GLAgendaTableSectionHeader.swift; sourceTree = "<group>"; };
		C472BD1E20EBD21300081881 /* FSCalendar.framework */ = {isa = PBXFileReference; lastKnownFileType = wrapper.framework; name = FSCalendar.framework; path = Carthage/Build/iOS/FSCalendar.framework; sourceTree = "<group>"; };
		C478ED6C20DA5382007A4A3F /* gd.app */ = {isa = PBXFileReference; explicitFileType = wrapper.application; includeInIndex = 0; path = gd.app; sourceTree = BUILT_PRODUCTS_DIR; };
		C478ED6F20DA5382007A4A3F /* AppDelegate.swift */ = {isa = PBXFileReference; lastKnownFileType = sourcecode.swift; path = AppDelegate.swift; sourceTree = "<group>"; };
		C478ED7120DA5382007A4A3F /* FirstViewController.swift */ = {isa = PBXFileReference; lastKnownFileType = sourcecode.swift; path = FirstViewController.swift; sourceTree = "<group>"; };
		C478ED7320DA5382007A4A3F /* SecondViewController.swift */ = {isa = PBXFileReference; lastKnownFileType = sourcecode.swift; path = SecondViewController.swift; sourceTree = "<group>"; };
		C478ED7620DA5382007A4A3F /* Base */ = {isa = PBXFileReference; lastKnownFileType = file.storyboard; name = Base; path = Base.lproj/Main.storyboard; sourceTree = "<group>"; };
		C478ED7820DA5384007A4A3F /* Assets.xcassets */ = {isa = PBXFileReference; lastKnownFileType = folder.assetcatalog; path = Assets.xcassets; sourceTree = "<group>"; };
		C478ED7B20DA5384007A4A3F /* Base */ = {isa = PBXFileReference; lastKnownFileType = file.storyboard; name = Base; path = Base.lproj/LaunchScreen.storyboard; sourceTree = "<group>"; };
		C478ED7D20DA5384007A4A3F /* Info.plist */ = {isa = PBXFileReference; lastKnownFileType = text.plist.xml; path = Info.plist; sourceTree = "<group>"; };
		C47D007320E362BE001318B7 /* IBExtension.swift */ = {isa = PBXFileReference; lastKnownFileType = sourcecode.swift; path = IBExtension.swift; sourceTree = "<group>"; };
		C47D007820E36EE7001318B7 /* GLColorUtil.swift */ = {isa = PBXFileReference; lastKnownFileType = sourcecode.swift; path = GLColorUtil.swift; sourceTree = "<group>"; };
		C484FF6220E9D980004890E1 /* Extensions.swift */ = {isa = PBXFileReference; lastKnownFileType = sourcecode.swift; path = Extensions.swift; sourceTree = "<group>"; };
		C484FF6520EA1886004890E1 /* GLFormatter.swift */ = {isa = PBXFileReference; lastKnownFileType = sourcecode.swift; path = GLFormatter.swift; sourceTree = "<group>"; };
		C48640F520DB8B090055AA1A /* Eureka.framework */ = {isa = PBXFileReference; lastKnownFileType = wrapper.framework; name = Eureka.framework; path = Carthage/Build/iOS/Eureka.framework; sourceTree = "<group>"; };
		C48640FD20DBAF480055AA1A /* SnapKit.framework */ = {isa = PBXFileReference; lastKnownFileType = wrapper.framework; name = SnapKit.framework; path = Carthage/Build/iOS/SnapKit.framework; sourceTree = "<group>"; };
		C4B5282520E29F800088111B /* GLAgendaTableSectionHeader.xib */ = {isa = PBXFileReference; lastKnownFileType = file.xib; path = GLAgendaTableSectionHeader.xib; sourceTree = "<group>"; };
		C4DD525D20E60D9D00A39CE5 /* AgendaDetailViewController.swift */ = {isa = PBXFileReference; lastKnownFileType = sourcecode.swift; path = AgendaDetailViewController.swift; sourceTree = "<group>"; };
		C4F1418C20E0DAAA0044B393 /* DateUtil.swift */ = {isa = PBXFileReference; lastKnownFileType = sourcecode.swift; path = DateUtil.swift; sourceTree = "<group>"; };
		C4F1418E20E0E2170044B393 /* DateHelper.framework */ = {isa = PBXFileReference; lastKnownFileType = wrapper.framework; name = DateHelper.framework; path = Carthage/Build/iOS/DateHelper.framework; sourceTree = "<group>"; };
/* End PBXFileReference section */

/* Begin PBXFrameworksBuildPhase section */
		C478ED6920DA5382007A4A3F /* Frameworks */ = {
			isa = PBXFrameworksBuildPhase;
			buildActionMask = 2147483647;
			files = (
				C43FAAA420E4BC9600F9F954 /* Kingfisher.framework in Frameworks */,
				C44BCBF920E232290036AAE5 /* AlamofireObjectMapper.framework in Frameworks */,
				C44BCBFA20E232290036AAE5 /* ObjectMapper.framework in Frameworks */,
				C44BCBEE20E21C8A0036AAE5 /* Alamofire.framework in Frameworks */,
				C44BCBE320E1DC1A0036AAE5 /* DateHelper.framework in Frameworks */,
				C44BCBE420E1DC1A0036AAE5 /* Eureka.framework in Frameworks */,
				C44BCBE520E1DC1A0036AAE5 /* SnapKit.framework in Frameworks */,
			);
			runOnlyForDeploymentPostprocessing = 0;
		};
/* End PBXFrameworksBuildPhase section */

/* Begin PBXGroup section */
		C4007C6A20DB7E3600D49866 /* Frameworks */ = {
			isa = PBXGroup;
			children = (
				C472BD1E20EBD21300081881 /* FSCalendar.framework */,
				C43FAAA320E4BC9500F9F954 /* Kingfisher.framework */,
				C44BCBF720E232290036AAE5 /* AlamofireObjectMapper.framework */,
				C44BCBF820E232290036AAE5 /* ObjectMapper.framework */,
				C44BCBEC20E21C8A0036AAE5 /* Alamofire.framework */,
				C4F1418E20E0E2170044B393 /* DateHelper.framework */,
				C48640FD20DBAF480055AA1A /* SnapKit.framework */,
				C48640F520DB8B090055AA1A /* Eureka.framework */,
			);
			name = Frameworks;
			sourceTree = "<group>";
		};
		C422916420DB554D0070F261 /* Controller */ = {
			isa = PBXGroup;
			children = (
				C422916220DB488C0070F261 /* MainTabBarViewController.swift */,
				C478ED7320DA5382007A4A3F /* SecondViewController.swift */,
				C478ED7120DA5382007A4A3F /* FirstViewController.swift */,
				C42B5DBE20DC09B500BEA3D6 /* AgendaViewController.swift */,
				C44BCBF220E228490036AAE5 /* AgendaTableViewController.swift */,
				C4DD525D20E60D9D00A39CE5 /* AgendaDetailViewController.swift */,
				C41A50CD20EC824000B458E1 /* MonthViewController.swift */,
			);
			path = Controller;
			sourceTree = "<group>";
		};
		C4360BA520ECBB28006D2B12 /* Config */ = {
			isa = PBXGroup;
			children = (
				C4360BA620ECBB42006D2B12 /* GLConfig.swift */,
			);
			path = Config;
			sourceTree = "<group>";
		};
		C4360BAA20ECBDCC006D2B12 /* Calendar */ = {
			isa = PBXGroup;
			children = (
				C4360BBB20ECF162006D2B12 /* GLCalenderDayCell.swift */,
				C4360BBA20ECF161006D2B12 /* GLCalenderMonthCell.swift */,
				C4360BBD20ECF162006D2B12 /* GLExpandCalender.swift */,
				C4360BB920ECF161006D2B12 /* GLTaskListCell.swift */,
				C4360BBC20ECF162006D2B12 /* TaskModel.swift */,
			);
			path = Calendar;
			sourceTree = "<group>";
		};
		C44BCBE920E214940036AAE5 /* Views */ = {
			isa = PBXGroup;
			children = (
				C44BCBEA20E214B70036AAE5 /* GLAgendaTableViewCell.swift */,
				C44BCBF020E220CD0036AAE5 /* GLAgendaTableViewCell.xib */,
				C460061620E29C5500B09186 /* GLAgendaTableSectionHeader.swift */,
				C4B5282520E29F800088111B /* GLAgendaTableSectionHeader.xib */,
			);
			path = Views;
			sourceTree = "<group>";
		};
		C44BCBF420E22F040036AAE5 /* Model */ = {
			isa = PBXGroup;
			children = (
				C44BCBF520E22F3F0036AAE5 /* GLResp.swift */,
			);
			path = Model;
			sourceTree = "<group>";
		};
		C478ED6320DA5382007A4A3F = {
			isa = PBXGroup;
			children = (
				C478ED6E20DA5382007A4A3F /* gd */,
				C478ED6D20DA5382007A4A3F /* Products */,
				C4007C6A20DB7E3600D49866 /* Frameworks */,
			);
			sourceTree = "<group>";
		};
		C478ED6D20DA5382007A4A3F /* Products */ = {
			isa = PBXGroup;
			children = (
				C478ED6C20DA5382007A4A3F /* gd.app */,
			);
			name = Products;
			sourceTree = "<group>";
		};
		C478ED6E20DA5382007A4A3F /* gd */ = {
			isa = PBXGroup;
			children = (
				C4360BAA20ECBDCC006D2B12 /* Calendar */,
				C4360BA520ECBB28006D2B12 /* Config */,
				C47D007220E3608A001318B7 /* Extension */,
				C44BCBF420E22F040036AAE5 /* Model */,
				C44BCBE920E214940036AAE5 /* Views */,
				C4F1418B20E0DA880044B393 /* Utils */,
				C422916420DB554D0070F261 /* Controller */,
				C478ED6F20DA5382007A4A3F /* AppDelegate.swift */,
				C478ED7520DA5382007A4A3F /* Main.storyboard */,
				C478ED7820DA5384007A4A3F /* Assets.xcassets */,
				C478ED7A20DA5384007A4A3F /* LaunchScreen.storyboard */,
				C478ED7D20DA5384007A4A3F /* Info.plist */,
			);
			path = gd;
			sourceTree = "<group>";
		};
		C47D007220E3608A001318B7 /* Extension */ = {
			isa = PBXGroup;
			children = (
				C47D007320E362BE001318B7 /* IBExtension.swift */,
				C484FF6220E9D980004890E1 /* Extensions.swift */,
			);
			path = Extension;
			sourceTree = "<group>";
		};
		C4F1418B20E0DA880044B393 /* Utils */ = {
			isa = PBXGroup;
			children = (
				C4F1418C20E0DAAA0044B393 /* DateUtil.swift */,
				C44BCC0020E24CED0036AAE5 /* GLHttpUtil.swift */,
				C47D007820E36EE7001318B7 /* GLColorUtil.swift */,
				C484FF6520EA1886004890E1 /* GLFormatter.swift */,
				C41A50C920EC669A00B458E1 /* LunarUtil.swift */,
				C41A50CB20EC6D8800B458E1 /* EventKitUtil.swift */,
			);
			path = Utils;
			sourceTree = "<group>";
		};
/* End PBXGroup section */

/* Begin PBXNativeTarget section */
		C478ED6B20DA5382007A4A3F /* gd */ = {
			isa = PBXNativeTarget;
			buildConfigurationList = C478ED8020DA5384007A4A3F /* Build configuration list for PBXNativeTarget "gd" */;
			buildPhases = (
				C478ED6820DA5382007A4A3F /* Sources */,
				C478ED6920DA5382007A4A3F /* Frameworks */,
				C478ED6A20DA5382007A4A3F /* Resources */,
				C44BCBE620E1DC4E0036AAE5 /* ShellScript */,
			);
			buildRules = (
			);
			dependencies = (
			);
			name = gd;
			productName = gd;
			productReference = C478ED6C20DA5382007A4A3F /* gd.app */;
			productType = "com.apple.product-type.application";
		};
/* End PBXNativeTarget section */

/* Begin PBXProject section */
		C478ED6420DA5382007A4A3F /* Project object */ = {
			isa = PBXProject;
			attributes = {
				LastSwiftUpdateCheck = 0940;
				LastUpgradeCheck = 0940;
				ORGANIZATIONNAME = "Fitz Leo";
				TargetAttributes = {
					C478ED6B20DA5382007A4A3F = {
						CreatedOnToolsVersion = 9.4.1;
					};
				};
			};
			buildConfigurationList = C478ED6720DA5382007A4A3F /* Build configuration list for PBXProject "gd" */;
			compatibilityVersion = "Xcode 9.3";
			developmentRegion = en;
			hasScannedForEncodings = 0;
			knownRegions = (
				en,
				Base,
			);
			mainGroup = C478ED6320DA5382007A4A3F;
			productRefGroup = C478ED6D20DA5382007A4A3F /* Products */;
			projectDirPath = "";
			projectRoot = "";
			targets = (
				C478ED6B20DA5382007A4A3F /* gd */,
			);
		};
/* End PBXProject section */

/* Begin PBXResourcesBuildPhase section */
		C478ED6A20DA5382007A4A3F /* Resources */ = {
			isa = PBXResourcesBuildPhase;
			buildActionMask = 2147483647;
			files = (
				C4B5282620E29F800088111B /* GLAgendaTableSectionHeader.xib in Resources */,
				C478ED7C20DA5384007A4A3F /* LaunchScreen.storyboard in Resources */,
				C478ED7920DA5384007A4A3F /* Assets.xcassets in Resources */,
				C478ED7720DA5382007A4A3F /* Main.storyboard in Resources */,
				C44BCBF120E220CD0036AAE5 /* GLAgendaTableViewCell.xib in Resources */,
			);
			runOnlyForDeploymentPostprocessing = 0;
		};
/* End PBXResourcesBuildPhase section */

/* Begin PBXShellScriptBuildPhase section */
		C44BCBE620E1DC4E0036AAE5 /* ShellScript */ = {
			isa = PBXShellScriptBuildPhase;
			buildActionMask = 2147483647;
			files = (
			);
			inputPaths = (
				"$(SRCROOT)/Carthage/Build/iOS/DateHelper.framework",
				"$(SRCROOT)/Carthage/Build/iOS/Eureka.framework",
				"$(SRCROOT)/Carthage/Build/iOS/SnapKit.framework",
				"$(SRCROOT)/Carthage/Build/iOS/Alamofire.framework",
				"$(SRCROOT)/Carthage/Build/iOS/ObjectMapper.framework",
				"$(SRCROOT)/Carthage/Build/iOS/AlamofireObjectMapper.framework",
				"$(SRCROOT)/Carthage/Build/iOS/Kingfisher.framework",
				"$(SRCROOT)/Carthage/Build/iOS/PKHUD.framework",
			);
			outputPaths = (
				"$(BUILT_PRODUCTS_DIR)/$(FRAMEWORKS_FOLDER_PATH)/DateHelper.framework",
				"$(BUILT_PRODUCTS_DIR)/$(FRAMEWORKS_FOLDER_PATH)/Eureka.framework",
				"$(BUILT_PRODUCTS_DIR)/$(FRAMEWORKS_FOLDER_PATH)/SnapKit.framework",
				"$(BUILT_PRODUCTS_DIR)/$(FRAMEWORKS_FOLDER_PATH)/Alamofire.framework",
				"$(BUILT_PRODUCTS_DIR)/$(FRAMEWORKS_FOLDER_PATH)/ObjectMapper.framework",
				"$(BUILT_PRODUCTS_DIR)/$(FRAMEWORKS_FOLDER_PATH)/AlamofireObjectMapper.framework",
				"$(BUILT_PRODUCTS_DIR)/$(FRAMEWORKS_FOLDER_PATH)/Kingfisher.framework",
				"$(BUILT_PRODUCTS_DIR)/$(FRAMEWORKS_FOLDER_PATH)/PKHUD.framework",
			);
			runOnlyForDeploymentPostprocessing = 0;
			shellPath = /bin/sh;
			shellScript = "/usr/local/bin/carthage copy-frameworks";
		};
/* End PBXShellScriptBuildPhase section */

/* Begin PBXSourcesBuildPhase section */
		C478ED6820DA5382007A4A3F /* Sources */ = {
			isa = PBXSourcesBuildPhase;
			buildActionMask = 2147483647;
			files = (
				C4360BC020ECF162006D2B12 /* GLCalenderDayCell.swift in Sources */,
				C422916320DB488C0070F261 /* MainTabBarViewController.swift in Sources */,
				C41A50CA20EC669A00B458E1 /* LunarUtil.swift in Sources */,
				C478ED7420DA5382007A4A3F /* SecondViewController.swift in Sources */,
				C478ED7020DA5382007A4A3F /* AppDelegate.swift in Sources */,
				C44BCBF620E22F3F0036AAE5 /* GLResp.swift in Sources */,
				C4360BC120ECF162006D2B12 /* TaskModel.swift in Sources */,
				C4DD525E20E60D9D00A39CE5 /* AgendaDetailViewController.swift in Sources */,
				C42B5DBF20DC09B500BEA3D6 /* AgendaViewController.swift in Sources */,
				C41A50CE20EC824000B458E1 /* MonthViewController.swift in Sources */,
				C44BCBF320E228490036AAE5 /* AgendaTableViewController.swift in Sources */,
				C47D007420E362BE001318B7 /* IBExtension.swift in Sources */,
				C4360BBE20ECF162006D2B12 /* GLTaskListCell.swift in Sources */,
				C460061720E29C5500B09186 /* GLAgendaTableSectionHeader.swift in Sources */,
				C478ED7220DA5382007A4A3F /* FirstViewController.swift in Sources */,
				C41A50CC20EC6D8800B458E1 /* EventKitUtil.swift in Sources */,
				C484FF6620EA1886004890E1 /* GLFormatter.swift in Sources */,
				C4360BC220ECF162006D2B12 /* GLExpandCalender.swift in Sources */,
				C4360BBF20ECF162006D2B12 /* GLCalenderMonthCell.swift in Sources */,
				C484FF6320E9D980004890E1 /* Extensions.swift in Sources */,
				C44BCBEB20E214B70036AAE5 /* GLAgendaTableViewCell.swift in Sources */,
				C44BCC0120E24CED0036AAE5 /* GLHttpUtil.swift in Sources */,
				C4F1418D20E0DAAA0044B393 /* DateUtil.swift in Sources */,
				C47D007920E36EE7001318B7 /* GLColorUtil.swift in Sources */,
				C4360BA720ECBB42006D2B12 /* GLConfig.swift in Sources */,
			);
			runOnlyForDeploymentPostprocessing = 0;
		};
/* End PBXSourcesBuildPhase section */

/* Begin PBXVariantGroup section */
		C478ED7520DA5382007A4A3F /* Main.storyboard */ = {
			isa = PBXVariantGroup;
			children = (
				C478ED7620DA5382007A4A3F /* Base */,
			);
			name = Main.storyboard;
			sourceTree = "<group>";
		};
		C478ED7A20DA5384007A4A3F /* LaunchScreen.storyboard */ = {
			isa = PBXVariantGroup;
			children = (
				C478ED7B20DA5384007A4A3F /* Base */,
			);
			name = LaunchScreen.storyboard;
			sourceTree = "<group>";
		};
/* End PBXVariantGroup section */

/* Begin XCBuildConfiguration section */
		C478ED7E20DA5384007A4A3F /* Debug */ = {
			isa = XCBuildConfiguration;
			buildSettings = {
				ALWAYS_SEARCH_USER_PATHS = NO;
				CLANG_ANALYZER_LOCALIZABILITY_NONLOCALIZED = YES;
				CLANG_ANALYZER_NONNULL = YES;
				CLANG_ANALYZER_NUMBER_OBJECT_CONVERSION = YES_AGGRESSIVE;
				CLANG_CXX_LANGUAGE_STANDARD = "gnu++14";
				CLANG_CXX_LIBRARY = "libc++";
				CLANG_ENABLE_MODULES = YES;
				CLANG_ENABLE_OBJC_ARC = YES;
				CLANG_ENABLE_OBJC_WEAK = YES;
				CLANG_WARN_BLOCK_CAPTURE_AUTORELEASING = YES;
				CLANG_WARN_BOOL_CONVERSION = YES;
				CLANG_WARN_COMMA = YES;
				CLANG_WARN_CONSTANT_CONVERSION = YES;
				CLANG_WARN_DEPRECATED_OBJC_IMPLEMENTATIONS = YES;
				CLANG_WARN_DIRECT_OBJC_ISA_USAGE = YES_ERROR;
				CLANG_WARN_DOCUMENTATION_COMMENTS = YES;
				CLANG_WARN_EMPTY_BODY = YES;
				CLANG_WARN_ENUM_CONVERSION = YES;
				CLANG_WARN_INFINITE_RECURSION = YES;
				CLANG_WARN_INT_CONVERSION = YES;
				CLANG_WARN_NON_LITERAL_NULL_CONVERSION = YES;
				CLANG_WARN_OBJC_IMPLICIT_RETAIN_SELF = YES;
				CLANG_WARN_OBJC_LITERAL_CONVERSION = YES;
				CLANG_WARN_OBJC_ROOT_CLASS = YES_ERROR;
				CLANG_WARN_RANGE_LOOP_ANALYSIS = YES;
				CLANG_WARN_STRICT_PROTOTYPES = YES;
				CLANG_WARN_SUSPICIOUS_MOVE = YES;
				CLANG_WARN_UNGUARDED_AVAILABILITY = YES_AGGRESSIVE;
				CLANG_WARN_UNREACHABLE_CODE = YES;
				CLANG_WARN__DUPLICATE_METHOD_MATCH = YES;
				CODE_SIGN_IDENTITY = "iPhone Developer";
				COPY_PHASE_STRIP = NO;
				DEBUG_INFORMATION_FORMAT = dwarf;
				ENABLE_STRICT_OBJC_MSGSEND = YES;
				ENABLE_TESTABILITY = YES;
				GCC_C_LANGUAGE_STANDARD = gnu11;
				GCC_DYNAMIC_NO_PIC = NO;
				GCC_NO_COMMON_BLOCKS = YES;
				GCC_OPTIMIZATION_LEVEL = 0;
				GCC_PREPROCESSOR_DEFINITIONS = (
					"DEBUG=1",
					"$(inherited)",
				);
				GCC_WARN_64_TO_32_BIT_CONVERSION = YES;
				GCC_WARN_ABOUT_RETURN_TYPE = YES_ERROR;
				GCC_WARN_UNDECLARED_SELECTOR = YES;
				GCC_WARN_UNINITIALIZED_AUTOS = YES_AGGRESSIVE;
				GCC_WARN_UNUSED_FUNCTION = YES;
				GCC_WARN_UNUSED_VARIABLE = YES;
				IPHONEOS_DEPLOYMENT_TARGET = 9.0;
				MTL_ENABLE_DEBUG_INFO = YES;
				ONLY_ACTIVE_ARCH = YES;
				SDKROOT = iphoneos;
				SWIFT_ACTIVE_COMPILATION_CONDITIONS = DEBUG;
				SWIFT_OPTIMIZATION_LEVEL = "-Onone";
			};
			name = Debug;
		};
		C478ED7F20DA5384007A4A3F /* Release */ = {
			isa = XCBuildConfiguration;
			buildSettings = {
				ALWAYS_SEARCH_USER_PATHS = NO;
				CLANG_ANALYZER_LOCALIZABILITY_NONLOCALIZED = YES;
				CLANG_ANALYZER_NONNULL = YES;
				CLANG_ANALYZER_NUMBER_OBJECT_CONVERSION = YES_AGGRESSIVE;
				CLANG_CXX_LANGUAGE_STANDARD = "gnu++14";
				CLANG_CXX_LIBRARY = "libc++";
				CLANG_ENABLE_MODULES = YES;
				CLANG_ENABLE_OBJC_ARC = YES;
				CLANG_ENABLE_OBJC_WEAK = YES;
				CLANG_WARN_BLOCK_CAPTURE_AUTORELEASING = YES;
				CLANG_WARN_BOOL_CONVERSION = YES;
				CLANG_WARN_COMMA = YES;
				CLANG_WARN_CONSTANT_CONVERSION = YES;
				CLANG_WARN_DEPRECATED_OBJC_IMPLEMENTATIONS = YES;
				CLANG_WARN_DIRECT_OBJC_ISA_USAGE = YES_ERROR;
				CLANG_WARN_DOCUMENTATION_COMMENTS = YES;
				CLANG_WARN_EMPTY_BODY = YES;
				CLANG_WARN_ENUM_CONVERSION = YES;
				CLANG_WARN_INFINITE_RECURSION = YES;
				CLANG_WARN_INT_CONVERSION = YES;
				CLANG_WARN_NON_LITERAL_NULL_CONVERSION = YES;
				CLANG_WARN_OBJC_IMPLICIT_RETAIN_SELF = YES;
				CLANG_WARN_OBJC_LITERAL_CONVERSION = YES;
				CLANG_WARN_OBJC_ROOT_CLASS = YES_ERROR;
				CLANG_WARN_RANGE_LOOP_ANALYSIS = YES;
				CLANG_WARN_STRICT_PROTOTYPES = YES;
				CLANG_WARN_SUSPICIOUS_MOVE = YES;
				CLANG_WARN_UNGUARDED_AVAILABILITY = YES_AGGRESSIVE;
				CLANG_WARN_UNREACHABLE_CODE = YES;
				CLANG_WARN__DUPLICATE_METHOD_MATCH = YES;
				CODE_SIGN_IDENTITY = "iPhone Developer";
				COPY_PHASE_STRIP = NO;
				DEBUG_INFORMATION_FORMAT = "dwarf-with-dsym";
				ENABLE_NS_ASSERTIONS = NO;
				ENABLE_STRICT_OBJC_MSGSEND = YES;
				GCC_C_LANGUAGE_STANDARD = gnu11;
				GCC_NO_COMMON_BLOCKS = YES;
				GCC_WARN_64_TO_32_BIT_CONVERSION = YES;
				GCC_WARN_ABOUT_RETURN_TYPE = YES_ERROR;
				GCC_WARN_UNDECLARED_SELECTOR = YES;
				GCC_WARN_UNINITIALIZED_AUTOS = YES_AGGRESSIVE;
				GCC_WARN_UNUSED_FUNCTION = YES;
				GCC_WARN_UNUSED_VARIABLE = YES;
				IPHONEOS_DEPLOYMENT_TARGET = 9.0;
				MTL_ENABLE_DEBUG_INFO = NO;
				SDKROOT = iphoneos;
				SWIFT_COMPILATION_MODE = wholemodule;
				SWIFT_OPTIMIZATION_LEVEL = "-O";
				VALIDATE_PRODUCT = YES;
			};
			name = Release;
		};
		C478ED8120DA5384007A4A3F /* Debug */ = {
			isa = XCBuildConfiguration;
			buildSettings = {
				ASSETCATALOG_COMPILER_APPICON_NAME = AppIcon;
				CODE_SIGN_STYLE = Automatic;
				DEVELOPMENT_TEAM = T88D69DP6B;
				FRAMEWORK_SEARCH_PATHS = (
					"$(inherited)",
					"$(PROJECT_DIR)/Carthage/Build/iOS",
				);
				INFOPLIST_FILE = gd/Info.plist;
				LD_RUNPATH_SEARCH_PATHS = (
					"$(inherited)",
					"@executable_path/Frameworks",
				);
				PRODUCT_BUNDLE_IDENTIFIER = com.github.fitzix.gd;
				PRODUCT_NAME = "$(TARGET_NAME)";
				SWIFT_OBJC_BRIDGING_HEADER = "";
				SWIFT_VERSION = 4.0;
				TARGETED_DEVICE_FAMILY = "1,2";
			};
			name = Debug;
		};
		C478ED8220DA5384007A4A3F /* Release */ = {
			isa = XCBuildConfiguration;
			buildSettings = {
				ASSETCATALOG_COMPILER_APPICON_NAME = AppIcon;
				CODE_SIGN_STYLE = Automatic;
				DEVELOPMENT_TEAM = T88D69DP6B;
				FRAMEWORK_SEARCH_PATHS = (
					"$(inherited)",
					"$(PROJECT_DIR)/Carthage/Build/iOS",
				);
				INFOPLIST_FILE = gd/Info.plist;
				LD_RUNPATH_SEARCH_PATHS = (
					"$(inherited)",
					"@executable_path/Frameworks",
				);
				PRODUCT_BUNDLE_IDENTIFIER = com.github.fitzix.gd;
				PRODUCT_NAME = "$(TARGET_NAME)";
				SWIFT_OBJC_BRIDGING_HEADER = "";
				SWIFT_VERSION = 4.0;
				TARGETED_DEVICE_FAMILY = "1,2";
			};
			name = Release;
		};
/* End XCBuildConfiguration section */

/* Begin XCConfigurationList section */
		C478ED6720DA5382007A4A3F /* Build configuration list for PBXProject "gd" */ = {
			isa = XCConfigurationList;
			buildConfigurations = (
				C478ED7E20DA5384007A4A3F /* Debug */,
				C478ED7F20DA5384007A4A3F /* Release */,
			);
			defaultConfigurationIsVisible = 0;
			defaultConfigurationName = Release;
		};
		C478ED8020DA5384007A4A3F /* Build configuration list for PBXNativeTarget "gd" */ = {
			isa = XCConfigurationList;
			buildConfigurations = (
				C478ED8120DA5384007A4A3F /* Debug */,
				C478ED8220DA5384007A4A3F /* Release */,
			);
			defaultConfigurationIsVisible = 0;
			defaultConfigurationName = Release;
		};
/* End XCConfigurationList section */
	};
	rootObject = C478ED6420DA5382007A4A3F /* Project object */;
}
